
Microsoft Visual Studio Solution File, Format Version 12.00
# Visual Studio 15
VisualStudioVersion = 15.0.28307.572
MinimumVisualStudioVersion = 10.0.40219.1
Project("{FAE04EC0-301F-11D3-BF4B-00C04F79EFBC}") = "ConsoleAppSearchText", "ConsoleAppSearchText\ConsoleAppSearchText.csproj", "{3C6A3FD0-23A5-4709-80C7-EB492423581E}"
EndProject
Global
	GlobalSection(SolutionConfigurationPlatforms) = preSolution
		Debug|Any CPU = Debug|Any CPU
		Release|Any CPU = Release|Any CPU
	EndGlobalSection
	GlobalSection(ProjectConfigurationPlatforms) = postSolution
		{3C6A3FD0-23A5-4709-80C7-EB492423581E}.Debug|Any CPU.ActiveCfg = Debug|Any CPU
		{3C6A3FD0-23A5-4709-80C7-EB492423581E}.Debug|Any CPU.Build.0 = Debug|Any CPU
		{3C6A3FD0-23A5-4709-80C7-EB492423581E}.Release|Any CPU.ActiveCfg = Release|Any CPU
		{3C6A3FD0-23A5-4709-80C7-EB492423581E}.Release|Any CPU.Build.0 = Release|Any CPU
	EndGlobalSection
	GlobalSection(SolutionProperties) = preSolution
		HideSolutionNode = FALSE
	EndGlobalSection
	GlobalSection(ExtensibilityGlobals) = postSolution
		SolutionGuid = {98C7968E-6EA4-4755-BB81-61C5148CEFBB}
	EndGlobalSection
EndGlobal
